// !$*UTF8*$!
{
	archiveVersion = 1;
	classes = {
	};
	objectVersion = 50;
	objects = {

/* Begin PBXBuildFile section */
		B05E950B237D11CF00203C67 /* AppDelegate.swift in Sources */ = {isa = PBXBuildFile; fileRef = B05E950A237D11CF00203C67 /* AppDelegate.swift */; };
		B05E950D237D11CF00203C67 /* SceneDelegate.swift in Sources */ = {isa = PBXBuildFile; fileRef = B05E950C237D11CF00203C67 /* SceneDelegate.swift */; };
		B05E950F237D11CF00203C67 /* ViewController.swift in Sources */ = {isa = PBXBuildFile; fileRef = B05E950E237D11CF00203C67 /* ViewController.swift */; };
		B05E9512237D11CF00203C67 /* Main.storyboard in Resources */ = {isa = PBXBuildFile; fileRef = B05E9510237D11CF00203C67 /* Main.storyboard */; };
		B05E9515237D11CF00203C67 /* GITDemo1.xcdatamodeld in Sources */ = {isa = PBXBuildFile; fileRef = B05E9513237D11CF00203C67 /* GITDemo1.xcdatamodeld */; };
		B05E9517237D11D300203C67 /* Assets.xcassets in Resources */ = {isa = PBXBuildFile; fileRef = B05E9516237D11D300203C67 /* Assets.xcassets */; };
		B05E951A237D11D300203C67 /* LaunchScreen.storyboard in Resources */ = {isa = PBXBuildFile; fileRef = B05E9518237D11D300203C67 /* LaunchScreen.storyboard */; };
/* End PBXBuildFile section */

/* Begin PBXFileReference section */
		B05E9507237D11CF00203C67 /* GITDemo1.app */ = {isa = PBXFileReference; explicitFileType = wrapper.application; includeInIndex = 0; path = GITDemo1.app; sourceTree = BUILT_PRODUCTS_DIR; };
		B05E950A237D11CF00203C67 /* AppDelegate.swift */ = {isa = PBXFileReference; lastKnownFileType = sourcecode.swift; path = AppDelegate.swift; sourceTree = "<group>"; };
		B05E950C237D11CF00203C67 /* SceneDelegate.swift */ = {isa = PBXFileReference; lastKnownFileType = sourcecode.swift; path = SceneDelegate.swift; sourceTree = "<group>"; };
		B05E950E237D11CF00203C67 /* ViewController.swift */ = {isa = PBXFileReference; lastKnownFileType = sourcecode.swift; path = ViewController.swift; sourceTree = "<group>"; };
		B05E9511237D11CF00203C67 /* Base */ = {isa = PBXFileReference; lastKnownFileType = file.storyboard; name = Base; path = Base.lproj/Main.storyboard; sourceTree = "<group>"; };
		B05E9514237D11CF00203C67 /* GITDemo1.xcdatamodel */ = {isa = PBXFileReference; lastKnownFileType = wrapper.xcdatamodel; path = GITDemo1.xcdatamodel; sourceTree = "<group>"; };
		B05E9516237D11D300203C67 /* Assets.xcassets */ = {isa = PBXFileReference; lastKnownFileType = folder.assetcatalog; path = Assets.xcassets; sourceTree = "<group>"; };
		B05E9519237D11D300203C67 /* Base */ = {isa = PBXFileReference; lastKnownFileType = file.storyboard; name = Base; path = Base.lproj/LaunchScreen.storyboard; sourceTree = "<group>"; };
		B05E951B237D11D300203C67 /* Info.plist */ = {isa = PBXFileReference; lastKnownFileType = text.plist.xml; path = Info.plist; sourceTree = "<group>"; };
/* End PBXFileReference section */

/* Begin PBXFrameworksBuildPhase section */
		B05E9504237D11CF00203C67 /* Frameworks */ = {
			isa = PBXFrameworksBuildPhase;
			buildActionMask = 2147483647;
			files = (
			);
			runOnlyForDeploymentPostprocessing = 0;
		};
/* End PBXFrameworksBuildPhase section */

/* Begin PBXGroup section */
		B05E94FE237D11CF00203C67 = {
			isa = PBXGroup;
			children = (
				B05E9509237D11CF00203C67 /* GITDemo1 */,
				B05E9508237D11CF00203C67 /* Products */,
			);
			sourceTree = "<group>";
		};
		B05E9508237D11CF00203C67 /* Products */ = {
			isa = PBXGroup;
			children = (
				B05E9507237D11CF00203C67 /* GITDemo1.app */,
			);
			name = Products;
			sourceTree = "<group>";
		};
		B05E9509237D11CF00203C67 /* GITDemo1 */ = {
			isa = PBXGroup;
			children = (
				B05E950A237D11CF00203C67 /* AppDelegate.swift */,
				B05E950C237D11CF00203C67 /* SceneDelegate.swift */,
				B05E950E237D11CF00203C67 /* ViewController.swift */,
				B05E9510237D11CF00203C67 /* Main.storyboard */,
				B05E9516237D11D300203C67 /* Assets.xcassets */,
				B05E9518237D11D300203C67 /* LaunchScreen.storyboard */,
				B05E951B237D11D300203C67 /* Info.plist */,
				B05E9513237D11CF00203C67 /* GITDemo1.xcdatamodeld */,
			);
			path = GITDemo1;
			sourceTree = "<group>";
		};
/* End PBXGroup section */

/* Begin PBXNativeTarget section */
		B05E9506237D11CF00203C67 /* GITDemo1 */ = {
			isa = PBXNativeTarget;
			buildConfigurationList = B05E951E237D11D300203C67 /* Build configuration list for PBXNativeTarget "GITDemo1" */;
			buildPhases = (
				B05E9503237D11CF00203C67 /* Sources */,
				B05E9504237D11CF00203C67 /* Frameworks */,
				B05E9505237D11CF00203C67 /* Resources */,
			);
			buildRules = (
			);
			dependencies = (
			);
			name = GITDemo1;
			productName = GITDemo1;
			productReference = B05E9507237D11CF00203C67 /* GITDemo1.app */;
			productType = "com.apple.product-type.application";
		};
/* End PBXNativeTarget section */

/* Begin PBXProject section */
		B05E94FF237D11CF00203C67 /* Project object */ = {
			isa = PBXProject;
			attributes = {
				LastSwiftUpdateCheck = 1120;
				LastUpgradeCheck = 1120;
				ORGANIZATIONNAME = "BrainoidTech Team";
				TargetAttributes = {
					B05E9506237D11CF00203C67 = {
						CreatedOnToolsVersion = 11.2;
					};
				};
			};
			buildConfigurationList = B05E9502237D11CF00203C67 /* Build configuration list for PBXProject "GITDemo1" */;
			compatibilityVersion = "Xcode 9.3";
			developmentRegion = en;
			hasScannedForEncodings = 0;
			knownRegions = (
				en,
				Base,
			);
			mainGroup = B05E94FE237D11CF00203C67;
			productRefGroup = B05E9508237D11CF00203C67 /* Products */;
			projectDirPath = "";
			projectRoot = "";
			targets = (
				B05E9506237D11CF00203C67 /* GITDemo1 */,
			);
		};
/* End PBXProject section */

/* Begin PBXResourcesBuildPhase section */
		B05E9505237D11CF00203C67 /* Resources */ = {
			isa = PBXResourcesBuildPhase;
			buildActionMask = 2147483647;
			files = (
				B05E951A237D11D300203C67 /* LaunchScreen.storyboard in Resources */,
				B05E9517237D11D300203C67 /* Assets.xcassets in Resources */,
				B05E9512237D11CF00203C67 /* Main.storyboard in Resources */,
			);
			runOnlyForDeploymentPostprocessing = 0;
		};
/* End PBXResourcesBuildPhase section */

/* Begin PBXSourcesBuildPhase section */
		B05E9503237D11CF00203C67 /* Sources */ = {
			isa = PBXSourcesBuildPhase;
			buildActionMask = 2147483647;
			files = (
				B05E950F237D11CF00203C67 /* ViewController.swift in Sources */,
				B05E950B237D11CF00203C67 /* AppDelegate.swift in Sources */,
				B05E950D237D11CF00203C67 /* SceneDelegate.swift in Sources */,
				B05E9515237D11CF00203C67 /* GITDemo1.xcdatamodeld in Sources */,
			);
			runOnlyForDeploymentPostprocessing = 0;
		};
/* End PBXSourcesBuildPhase section */

/* Begin PBXVariantGroup section */
		B05E9510237D11CF00203C67 /* Main.storyboard */ = {
			isa = PBXVariantGroup;
			children = (
				B05E9511237D11CF00203C67 /* Base */,
			);
			name = Main.storyboard;
			sourceTree = "<group>";
		};
		B05E9518237D11D300203C67 /* LaunchScreen.storyboard */ = {
			isa = PBXVariantGroup;
			children = (
				B05E9519237D11D300203C67 /* Base */,
			);
			name = LaunchScreen.storyboard;
			sourceTree = "<group>";
		};
/* End PBXVariantGroup section */

/* Begin XCBuildConfiguration section */
		B05E951C237D11D300203C67 /* Debug */ = {
			isa = XCBuildConfiguration;
			buildSettings = {
				ALWAYS_SEARCH_USER_PATHS = NO;
				CLANG_ANALYZER_NONNULL = YES;
				CLANG_ANALYZER_NUMBER_OBJECT_CONVERSION = YES_AGGRESSIVE;
				CLANG_CXX_LANGUAGE_STANDARD = "gnu++14";
				CLANG_CXX_LIBRARY = "libc++";
				CLANG_ENABLE_MODULES = YES;
				CLANG_ENABLE_OBJC_ARC = YES;
				CLANG_ENABLE_OBJC_WEAK = YES;
				CLANG_WARN_BLOCK_CAPTURE_AUTORELEASING = YES;
				CLANG_WARN_BOOL_CONVERSION = YES;
				CLANG_WARN_COMMA = YES;
				CLANG_WARN_CONSTANT_CONVERSION = YES;
				CLANG_WARN_DEPRECATED_OBJC_IMPLEMENTATIONS = YES;
				CLANG_WARN_DIRECT_OBJC_ISA_USAGE = YES_ERROR;
				CLANG_WARN_DOCUMENTATION_COMMENTS = YES;
				CLANG_WARN_EMPTY_BODY = YES;
				CLANG_WARN_ENUM_CONVERSION = YES;
				CLANG_WARN_INFINITE_RECURSION = YES;
				CLANG_WARN_INT_CONVERSION = YES;
				CLANG_WARN_NON_LITERAL_NULL_CONVERSION = YES;
				CLANG_WARN_OBJC_IMPLICIT_RETAIN_SELF = YES;
				CLANG_WARN_OBJC_LITERAL_CONVERSION = YES;
				CLANG_WARN_OBJC_ROOT_CLASS = YES_ERROR;
				CLANG_WARN_RANGE_LOOP_ANALYSIS = YES;
				CLANG_WARN_STRICT_PROTOTYPES = YES;
				CLANG_WARN_SUSPICIOUS_MOVE = YES;
				CLANG_WARN_UNGUARDED_AVAILABILITY = YES_AGGRESSIVE;
				CLANG_WARN_UNREACHABLE_CODE = YES;
				CLANG_WARN__DUPLICATE_METHOD_MATCH = YES;
				COPY_PHASE_STRIP = NO;
				DEBUG_INFORMATION_FORMAT = dwarf;
				ENABLE_STRICT_OBJC_MSGSEND = YES;
				ENABLE_TESTABILITY = YES;
				GCC_C_LANGUAGE_STANDARD = gnu11;
				GCC_DYNAMIC_NO_PIC = NO;
				GCC_NO_COMMON_BLOCKS = YES;
				GCC_OPTIMIZATION_LEVEL = 0;
				GCC_PREPROCESSOR_DEFINITIONS = (
					"DEBUG=1",
					"$(inherited)",
				);
				GCC_WARN_64_TO_32_BIT_CONVERSION = YES;
				GCC_WARN_ABOUT_RETURN_TYPE = YES_ERROR;
				GCC_WARN_UNDECLARED_SELECTOR = YES;
				GCC_WARN_UNINITIALIZED_AUTOS = YES_AGGRESSIVE;
				GCC_WARN_UNUSED_FUNCTION = YES;
				GCC_WARN_UNUSED_VARIABLE = YES;
				IPHONEOS_DEPLOYMENT_TARGET = 13.2;
				MTL_ENABLE_DEBUG_INFO = INCLUDE_SOURCE;
				MTL_FAST_MATH = YES;
				ONLY_ACTIVE_ARCH = YES;
				SDKROOT = iphoneos;
				SWIFT_ACTIVE_COMPILATION_CONDITIONS = DEBUG;
				SWIFT_OPTIMIZATION_LEVEL = "-Onone";
			};
			name = Debug;
		};
		B05E951D237D11D300203C67 /* Release */ = {
			isa = XCBuildConfiguration;
			buildSettings = {
				ALWAYS_SEARCH_USER_PATHS = NO;
				CLANG_ANALYZER_NONNULL = YES;
				CLANG_ANALYZER_NUMBER_OBJECT_CONVERSION = YES_AGGRESSIVE;
				CLANG_CXX_LANGUAGE_STANDARD = "gnu++14";
				CLANG_CXX_LIBRARY = "libc++";
				CLANG_ENABLE_MODULES = YES;
				CLANG_ENABLE_OBJC_ARC = YES;
				CLANG_ENABLE_OBJC_WEAK = YES;
				CLANG_WARN_BLOCK_CAPTURE_AUTORELEASING = YES;
				CLANG_WARN_BOOL_CONVERSION = YES;
				CLANG_WARN_COMMA = YES;
				CLANG_WARN_CONSTANT_CONVERSION = YES;
				CLANG_WARN_DEPRECATED_OBJC_IMPLEMENTATIONS = YES;
				CLANG_WARN_DIRECT_OBJC_ISA_USAGE = YES_ERROR;
				CLANG_WARN_DOCUMENTATION_COMMENTS = YES;
				CLANG_WARN_EMPTY_BODY = YES;
				CLANG_WARN_ENUM_CONVERSION = YES;
				CLANG_WARN_INFINITE_RECURSION = YES;
				CLANG_WARN_INT_CONVERSION = YES;
				CLANG_WARN_NON_LITERAL_NULL_CONVERSION = YES;
				CLANG_WARN_OBJC_IMPLICIT_RETAIN_SELF = YES;
				CLANG_WARN_OBJC_LITERAL_CONVERSION = YES;
				CLANG_WARN_OBJC_ROOT_CLASS = YES_ERROR;
				CLANG_WARN_RANGE_LOOP_ANALYSIS = YES;
				CLANG_WARN_STRICT_PROTOTYPES = YES;
				CLANG_WARN_SUSPICIOUS_MOVE = YES;
				CLANG_WARN_UNGUARDED_AVAILABILITY = YES_AGGRESSIVE;
				CLANG_WARN_UNREACHABLE_CODE = YES;
				CLANG_WARN__DUPLICATE_METHOD_MATCH = YES;
				COPY_PHASE_STRIP = NO;
				DEBUG_INFORMATION_FORMAT = "dwarf-with-dsym";
				ENABLE_NS_ASSERTIONS = NO;
				ENABLE_STRICT_OBJC_MSGSEND = YES;
				GCC_C_LANGUAGE_STANDARD = gnu11;
				GCC_NO_COMMON_BLOCKS = YES;
				GCC_WARN_64_TO_32_BIT_CONVERSION = YES;
				GCC_WARN_ABOUT_RETURN_TYPE = YES_ERROR;
				GCC_WARN_UNDECLARED_SELECTOR = YES;
				GCC_WARN_UNINITIALIZED_AUTOS = YES_AGGRESSIVE;
				GCC_WARN_UNUSED_FUNCTION = YES;
				GCC_WARN_UNUSED_VARIABLE = YES;
				IPHONEOS_DEPLOYMENT_TARGET = 13.2;
				MTL_ENABLE_DEBUG_INFO = NO;
				MTL_FAST_MATH = YES;
				SDKROOT = iphoneos;
				SWIFT_COMPILATION_MODE = wholemodule;
				SWIFT_OPTIMIZATION_LEVEL = "-O";
				VALIDATE_PRODUCT = YES;
			};
			name = Release;
		};
		B05E951F237D11D300203C67 /* Debug */ = {
			isa = XCBuildConfiguration;
			buildSettings = {
				ASSETCATALOG_COMPILER_APPICON_NAME = AppIcon;
				CODE_SIGN_STYLE = Automatic;
				DEVELOPMENT_TEAM = KJU724KBLT;
				INFOPLIST_FILE = GITDemo1/Info.plist;
				IPHONEOS_DEPLOYMENT_TARGET = 13.0;
				LD_RUNPATH_SEARCH_PATHS = (
					"$(inherited)",
					"@executable_path/Frameworks",
				);
				PRODUCT_BUNDLE_IDENTIFIER = bt.GITDemo1;
				PRODUCT_NAME = "$(TARGET_NAME)";
				SWIFT_VERSION = 5.0;
				TARGETED_DEVICE_FAMILY = "1,2";
			};
			name = Debug;
		};
		B05E9520237D11D300203C67 /* Release */ = {
			isa = XCBuildConfiguration;
			buildSettings = {
				ASSETCATALOG_COMPILER_APPICON_NAME = AppIcon;
				CODE_SIGN_STYLE = Automatic;
				DEVELOPMENT_TEAM = KJU724KBLT;
				INFOPLIST_FILE = GITDemo1/Info.plist;
				IPHONEOS_DEPLOYMENT_TARGET = 13.0;
				LD_RUNPATH_SEARCH_PATHS = (
					"$(inherited)",
					"@executable_path/Frameworks",
				);
				PRODUCT_BUNDLE_IDENTIFIER = bt.GITDemo1;
				PRODUCT_NAME = "$(TARGET_NAME)";
				SWIFT_VERSION = 5.0;
				TARGETED_DEVICE_FAMILY = "1,2";
			};
			name = Release;
		};
/* End XCBuildConfiguration section */

/* Begin XCConfigurationList section */
		B05E9502237D11CF00203C67 /* Build configuration list for PBXProject "GITDemo1" */ = {
			isa = XCConfigurationList;
			buildConfigurations = (
				B05E951C237D11D300203C67 /* Debug */,
				B05E951D237D11D300203C67 /* Release */,
			);
			defaultConfigurationIsVisible = 0;
			defaultConfigurationName = Release;
		};
		B05E951E237D11D300203C67 /* Build configuration list for PBXNativeTarget "GITDemo1" */ = {
			isa = XCConfigurationList;
			buildConfigurations = (
				B05E951F237D11D300203C67 /* Debug */,
				B05E9520237D11D300203C67 /* Release */,
			);
			defaultConfigurationIsVisible = 0;
			defaultConfigurationName = Release;
		};
/* End XCConfigurationList section */

/* Begin XCVersionGroup section */
		B05E9513237D11CF00203C67 /* GITDemo1.xcdatamodeld */ = {
			isa = XCVersionGroup;
			children = (
				B05E9514237D11CF00203C67 /* GITDemo1.xcdatamodel */,
			);
			currentVersion = B05E9514237D11CF00203C67 /* GITDemo1.xcdatamodel */;
			path = GITDemo1.xcdatamodeld;
			sourceTree = "<group>";
			versionGroupType = wrapper.xcdatamodel;
		};
/* End XCVersionGroup section */
	};
	rootObject = B05E94FF237D11CF00203C67 /* Project object */;
}
